{
	"name": "meadow-connection-manager",
	"version": "1.0.1",
	"lockfileVersion": 3,
	"requires": true,
	"packages": {
		"": {
			"name": "meadow-connection-manager",
			"version": "1.0.1",
			"license": "MIT",
			"dependencies": {
				"fable-serviceproviderbase": "^3.0.19"
			},
			"peerDependencies": {
				"meadow-connection-mongodb": ">=1.0.0",
				"meadow-connection-mssql": ">=1.0.0",
				"meadow-connection-mysql": ">=1.0.0",
				"meadow-connection-postgresql": ">=1.0.0",
				"meadow-connection-rocksdb": ">=1.0.0",
				"meadow-connection-solr": ">=1.0.0",
				"meadow-connection-sqlite": ">=1.0.0"
			},
			"peerDependenciesMeta": {
				"meadow-connection-mongodb": {
					"optional": true
				},
				"meadow-connection-mssql": {
					"optional": true
				},
				"meadow-connection-mysql": {
					"optional": true
				},
				"meadow-connection-postgresql": {
					"optional": true
				},
				"meadow-connection-rocksdb": {
					"optional": true
				},
				"meadow-connection-solr": {
					"optional": true
				},
				"meadow-connection-sqlite": {
					"optional": true
				}
			}
		},
		"node_modules/fable-serviceproviderbase": {
			"version": "3.0.19",
			"resolved": "https://registry.npmjs.org/fable-serviceproviderbase/-/fable-serviceproviderbase-3.0.19.tgz",
			"integrity": "sha512-q/chQR1Z+sgfsDy4q0kHg09EEjUzYKLYHNUcLC0idTp08n3mzikU+ynKKDB56k2WkosZzhoAKg2YHRGi4/c3ig==",
			"license": "MIT"
		}
	}
}
